// !$*UTF8*$!
{
	archiveVersion = 1;
	classes = {
	};
	objectVersion = 50;
	objects = {

/* Begin PBXBuildFile section */
		A9CA0FBF26CABA88007A8A0F /* AppDelegate.swift in Sources */ = {isa = PBXBuildFile; fileRef = A9CA0FBE26CABA88007A8A0F /* AppDelegate.swift */; };
		A9CA0FC126CABA88007A8A0F /* SceneDelegate.swift in Sources */ = {isa = PBXBuildFile; fileRef = A9CA0FC026CABA88007A8A0F /* SceneDelegate.swift */; };
		A9CA0FC326CABA88007A8A0F /* ViewController.swift in Sources */ = {isa = PBXBuildFile; fileRef = A9CA0FC226CABA88007A8A0F /* ViewController.swift */; };
		A9CA0FC626CABA88007A8A0F /* Main.storyboard in Resources */ = {isa = PBXBuildFile; fileRef = A9CA0FC426CABA88007A8A0F /* Main.storyboard */; };
		A9CA0FC826CABA89007A8A0F /* Assets.xcassets in Resources */ = {isa = PBXBuildFile; fileRef = A9CA0FC726CABA89007A8A0F /* Assets.xcassets */; };
		A9CA0FCB26CABA89007A8A0F /* LaunchScreen.storyboard in Resources */ = {isa = PBXBuildFile; fileRef = A9CA0FC926CABA89007A8A0F /* LaunchScreen.storyboard */; };
/* End PBXBuildFile section */

/* Begin PBXFileReference section */
		A9CA0FBB26CABA88007A8A0F /* TheStarWars.app */ = {isa = PBXFileReference; explicitFileType = wrapper.application; includeInIndex = 0; path = TheStarWars.app; sourceTree = BUILT_PRODUCTS_DIR; };
		A9CA0FBE26CABA88007A8A0F /* AppDelegate.swift */ = {isa = PBXFileReference; lastKnownFileType = sourcecode.swift; path = AppDelegate.swift; sourceTree = "<group>"; };
		A9CA0FC026CABA88007A8A0F /* SceneDelegate.swift */ = {isa = PBXFileReference; lastKnownFileType = sourcecode.swift; path = SceneDelegate.swift; sourceTree = "<group>"; };
		A9CA0FC226CABA88007A8A0F /* ViewController.swift */ = {isa = PBXFileReference; lastKnownFileType = sourcecode.swift; path = ViewController.swift; sourceTree = "<group>"; };
		A9CA0FC526CABA88007A8A0F /* Base */ = {isa = PBXFileReference; lastKnownFileType = file.storyboard; name = Base; path = Base.lproj/Main.storyboard; sourceTree = "<group>"; };
		A9CA0FC726CABA89007A8A0F /* Assets.xcassets */ = {isa = PBXFileReference; lastKnownFileType = folder.assetcatalog; path = Assets.xcassets; sourceTree = "<group>"; };
		A9CA0FCA26CABA89007A8A0F /* Base */ = {isa = PBXFileReference; lastKnownFileType = file.storyboard; name = Base; path = Base.lproj/LaunchScreen.storyboard; sourceTree = "<group>"; };
		A9CA0FCC26CABA89007A8A0F /* Info.plist */ = {isa = PBXFileReference; lastKnownFileType = text.plist.xml; path = Info.plist; sourceTree = "<group>"; };
/* End PBXFileReference section */

/* Begin PBXFrameworksBuildPhase section */
		A9CA0FB826CABA88007A8A0F /* Frameworks */ = {
			isa = PBXFrameworksBuildPhase;
			buildActionMask = 2147483647;
			files = (
			);
			runOnlyForDeploymentPostprocessing = 0;
		};
/* End PBXFrameworksBuildPhase section */

/* Begin PBXGroup section */
		A9CA0FB226CABA88007A8A0F = {
			isa = PBXGroup;
			children = (
				A9CA0FBD26CABA88007A8A0F /* TheStarWars */,
				A9CA0FBC26CABA88007A8A0F /* Products */,
			);
			sourceTree = "<group>";
		};
		A9CA0FBC26CABA88007A8A0F /* Products */ = {
			isa = PBXGroup;
			children = (
				A9CA0FBB26CABA88007A8A0F /* TheStarWars.app */,
			);
			name = Products;
			sourceTree = "<group>";
		};
		A9CA0FBD26CABA88007A8A0F /* TheStarWars */ = {
			isa = PBXGroup;
			children = (
				A9CA0FBE26CABA88007A8A0F /* AppDelegate.swift */,
				A9CA0FC026CABA88007A8A0F /* SceneDelegate.swift */,
				A9CA0FC226CABA88007A8A0F /* ViewController.swift */,
				A9CA0FC426CABA88007A8A0F /* Main.storyboard */,
				A9CA0FC726CABA89007A8A0F /* Assets.xcassets */,
				A9CA0FC926CABA89007A8A0F /* LaunchScreen.storyboard */,
				A9CA0FCC26CABA89007A8A0F /* Info.plist */,
			);
			path = TheStarWars;
			sourceTree = "<group>";
		};
/* End PBXGroup section */

/* Begin PBXNativeTarget section */
		A9CA0FBA26CABA88007A8A0F /* TheStarWars */ = {
			isa = PBXNativeTarget;
			buildConfigurationList = A9CA0FCF26CABA89007A8A0F /* Build configuration list for PBXNativeTarget "TheStarWars" */;
			buildPhases = (
				A9CA0FB726CABA88007A8A0F /* Sources */,
				A9CA0FB826CABA88007A8A0F /* Frameworks */,
				A9CA0FB926CABA88007A8A0F /* Resources */,
			);
			buildRules = (
			);
			dependencies = (
			);
			name = TheStarWars;
			productName = TheStarWars;
			productReference = A9CA0FBB26CABA88007A8A0F /* TheStarWars.app */;
			productType = "com.apple.product-type.application";
		};
/* End PBXNativeTarget section */

/* Begin PBXProject section */
		A9CA0FB326CABA88007A8A0F /* Project object */ = {
			isa = PBXProject;
			attributes = {
				LastSwiftUpdateCheck = 1250;
				LastUpgradeCheck = 1250;
				TargetAttributes = {
					A9CA0FBA26CABA88007A8A0F = {
						CreatedOnToolsVersion = 12.5.1;
					};
				};
			};
			buildConfigurationList = A9CA0FB626CABA88007A8A0F /* Build configuration list for PBXProject "TheStarWars" */;
			compatibilityVersion = "Xcode 9.3";
			developmentRegion = en;
			hasScannedForEncodings = 0;
			knownRegions = (
				en,
				Base,
			);
			mainGroup = A9CA0FB226CABA88007A8A0F;
			productRefGroup = A9CA0FBC26CABA88007A8A0F /* Products */;
			projectDirPath = "";
			projectRoot = "";
			targets = (
				A9CA0FBA26CABA88007A8A0F /* TheStarWars */,
			);
		};
/* End PBXProject section */

/* Begin PBXResourcesBuildPhase section */
		A9CA0FB926CABA88007A8A0F /* Resources */ = {
			isa = PBXResourcesBuildPhase;
			buildActionMask = 2147483647;
			files = (
				A9CA0FCB26CABA89007A8A0F /* LaunchScreen.storyboard in Resources */,
				A9CA0FC826CABA89007A8A0F /* Assets.xcassets in Resources */,
				A9CA0FC626CABA88007A8A0F /* Main.storyboard in Resources */,
			);
			runOnlyForDeploymentPostprocessing = 0;
		};
/* End PBXResourcesBuildPhase section */

/* Begin PBXSourcesBuildPhase section */
		A9CA0FB726CABA88007A8A0F /* Sources */ = {
			isa = PBXSourcesBuildPhase;
			buildActionMask = 2147483647;
			files = (
				A9CA0FC326CABA88007A8A0F /* ViewController.swift in Sources */,
				A9CA0FBF26CABA88007A8A0F /* AppDelegate.swift in Sources */,
				A9CA0FC126CABA88007A8A0F /* SceneDelegate.swift in Sources */,
			);
			runOnlyForDeploymentPostprocessing = 0;
		};
/* End PBXSourcesBuildPhase section */

/* Begin PBXVariantGroup section */
		A9CA0FC426CABA88007A8A0F /* Main.storyboard */ = {
			isa = PBXVariantGroup;
			children = (
				A9CA0FC526CABA88007A8A0F /* Base */,
			);
			name = Main.storyboard;
			sourceTree = "<group>";
		};
		A9CA0FC926CABA89007A8A0F /* LaunchScreen.storyboard */ = {
			isa = PBXVariantGroup;
			children = (
				A9CA0FCA26CABA89007A8A0F /* Base */,
			);
			name = LaunchScreen.storyboard;
			sourceTree = "<group>";
		};
/* End PBXVariantGroup section */

/* Begin XCBuildConfiguration section */
		A9CA0FCD26CABA89007A8A0F /* Debug */ = {
			isa = XCBuildConfiguration;
			buildSettings = {
				ALWAYS_SEARCH_USER_PATHS = NO;
				CLANG_ANALYZER_NONNULL = YES;
				CLANG_ANALYZER_NUMBER_OBJECT_CONVERSION = YES_AGGRESSIVE;
				CLANG_CXX_LANGUAGE_STANDARD = "gnu++14";
				CLANG_CXX_LIBRARY = "libc++";
				CLANG_ENABLE_MODULES = YES;
				CLANG_ENABLE_OBJC_ARC = YES;
				CLANG_ENABLE_OBJC_WEAK = YES;
				CLANG_WARN_BLOCK_CAPTURE_AUTORELEASING = YES;
				CLANG_WARN_BOOL_CONVERSION = YES;
				CLANG_WARN_COMMA = YES;
				CLANG_WARN_CONSTANT_CONVERSION = YES;
				CLANG_WARN_DEPRECATED_OBJC_IMPLEMENTATIONS = YES;
				CLANG_WARN_DIRECT_OBJC_ISA_USAGE = YES_ERROR;
				CLANG_WARN_DOCUMENTATION_COMMENTS = YES;
				CLANG_WARN_EMPTY_BODY = YES;
				CLANG_WARN_ENUM_CONVERSION = YES;
				CLANG_WARN_INFINITE_RECURSION = YES;
				CLANG_WARN_INT_CONVERSION = YES;
				CLANG_WARN_NON_LITERAL_NULL_CONVERSION = YES;
				CLANG_WARN_OBJC_IMPLICIT_RETAIN_SELF = YES;
				CLANG_WARN_OBJC_LITERAL_CONVERSION = YES;
				CLANG_WARN_OBJC_ROOT_CLASS = YES_ERROR;
				CLANG_WARN_QUOTED_INCLUDE_IN_FRAMEWORK_HEADER = YES;
				CLANG_WARN_RANGE_LOOP_ANALYSIS = YES;
				CLANG_WARN_STRICT_PROTOTYPES = YES;
				CLANG_WARN_SUSPICIOUS_MOVE = YES;
				CLANG_WARN_UNGUARDED_AVAILABILITY = YES_AGGRESSIVE;
				CLANG_WARN_UNREACHABLE_CODE = YES;
				CLANG_WARN__DUPLICATE_METHOD_MATCH = YES;
				COPY_PHASE_STRIP = NO;
				DEBUG_INFORMATION_FORMAT = dwarf;
				ENABLE_STRICT_OBJC_MSGSEND = YES;
				ENABLE_TESTABILITY = YES;
				GCC_C_LANGUAGE_STANDARD = gnu11;
				GCC_DYNAMIC_NO_PIC = NO;
				GCC_NO_COMMON_BLOCKS = YES;
				GCC_OPTIMIZATION_LEVEL = 0;
				GCC_PREPROCESSOR_DEFINITIONS = (
					"DEBUG=1",
					"$(inherited)",
				);
				GCC_WARN_64_TO_32_BIT_CONVERSION = YES;
				GCC_WARN_ABOUT_RETURN_TYPE = YES_ERROR;
				GCC_WARN_UNDECLARED_SELECTOR = YES;
				GCC_WARN_UNINITIALIZED_AUTOS = YES_AGGRESSIVE;
				GCC_WARN_UNUSED_FUNCTION = YES;
				GCC_WARN_UNUSED_VARIABLE = YES;
				IPHONEOS_DEPLOYMENT_TARGET = 14.5;
				MTL_ENABLE_DEBUG_INFO = INCLUDE_SOURCE;
				MTL_FAST_MATH = YES;
				ONLY_ACTIVE_ARCH = YES;
				SDKROOT = iphoneos;
				SWIFT_ACTIVE_COMPILATION_CONDITIONS = DEBUG;
				SWIFT_OPTIMIZATION_LEVEL = "-Onone";
			};
			name = Debug;
		};
		A9CA0FCE26CABA89007A8A0F /* Release */ = {
			isa = XCBuildConfiguration;
			buildSettings = {
				ALWAYS_SEARCH_USER_PATHS = NO;
				CLANG_ANALYZER_NONNULL = YES;
				CLANG_ANALYZER_NUMBER_OBJECT_CONVERSION = YES_AGGRESSIVE;
				CLANG_CXX_LANGUAGE_STANDARD = "gnu++14";
				CLANG_CXX_LIBRARY = "libc++";
				CLANG_ENABLE_MODULES = YES;
				CLANG_ENABLE_OBJC_ARC = YES;
				CLANG_ENABLE_OBJC_WEAK = YES;
				CLANG_WARN_BLOCK_CAPTURE_AUTORELEASING = YES;
				CLANG_WARN_BOOL_CONVERSION = YES;
				CLANG_WARN_COMMA = YES;
				CLANG_WARN_CONSTANT_CONVERSION = YES;
				CLANG_WARN_DEPRECATED_OBJC_IMPLEMENTATIONS = YES;
				CLANG_WARN_DIRECT_OBJC_ISA_USAGE = YES_ERROR;
				CLANG_WARN_DOCUMENTATION_COMMENTS = YES;
				CLANG_WARN_EMPTY_BODY = YES;
				CLANG_WARN_ENUM_CONVERSION = YES;
				CLANG_WARN_INFINITE_RECURSION = YES;
				CLANG_WARN_INT_CONVERSION = YES;
				CLANG_WARN_NON_LITERAL_NULL_CONVERSION = YES;
				CLANG_WARN_OBJC_IMPLICIT_RETAIN_SELF = YES;
				CLANG_WARN_OBJC_LITERAL_CONVERSION = YES;
				CLANG_WARN_OBJC_ROOT_CLASS = YES_ERROR;
				CLANG_WARN_QUOTED_INCLUDE_IN_FRAMEWORK_HEADER = YES;
				CLANG_WARN_RANGE_LOOP_ANALYSIS = YES;
				CLANG_WARN_STRICT_PROTOTYPES = YES;
				CLANG_WARN_SUSPICIOUS_MOVE = YES;
				CLANG_WARN_UNGUARDED_AVAILABILITY = YES_AGGRESSIVE;
				CLANG_WARN_UNREACHABLE_CODE = YES;
				CLANG_WARN__DUPLICATE_METHOD_MATCH = YES;
				COPY_PHASE_STRIP = NO;
				DEBUG_INFORMATION_FORMAT = "dwarf-with-dsym";
				ENABLE_NS_ASSERTIONS = NO;
				ENABLE_STRICT_OBJC_MSGSEND = YES;
				GCC_C_LANGUAGE_STANDARD = gnu11;
				GCC_NO_COMMON_BLOCKS = YES;
				GCC_WARN_64_TO_32_BIT_CONVERSION = YES;
				GCC_WARN_ABOUT_RETURN_TYPE = YES_ERROR;
				GCC_WARN_UNDECLARED_SELECTOR = YES;
				GCC_WARN_UNINITIALIZED_AUTOS = YES_AGGRESSIVE;
				GCC_WARN_UNUSED_FUNCTION = YES;
				GCC_WARN_UNUSED_VARIABLE = YES;
				IPHONEOS_DEPLOYMENT_TARGET = 14.5;
				MTL_ENABLE_DEBUG_INFO = NO;
				MTL_FAST_MATH = YES;
				SDKROOT = iphoneos;
				SWIFT_COMPILATION_MODE = wholemodule;
				SWIFT_OPTIMIZATION_LEVEL = "-O";
				VALIDATE_PRODUCT = YES;
			};
			name = Release;
		};
		A9CA0FD026CABA89007A8A0F /* Debug */ = {
			isa = XCBuildConfiguration;
			buildSettings = {
				ASSETCATALOG_COMPILER_APPICON_NAME = AppIcon;
				ASSETCATALOG_COMPILER_GLOBAL_ACCENT_COLOR_NAME = AccentColor;
				CODE_SIGN_STYLE = Automatic;
				DEVELOPMENT_TEAM = TR8VMB4WD9;
				INFOPLIST_FILE = TheStarWars/Info.plist;
				LD_RUNPATH_SEARCH_PATHS = (
					"$(inherited)",
					"@executable_path/Frameworks",
				);
				PRODUCT_BUNDLE_IDENTIFIER = ArtemRopavka.TheStarWars;
				PRODUCT_NAME = "$(TARGET_NAME)";
				SWIFT_VERSION = 5.0;
				TARGETED_DEVICE_FAMILY = "1,2";
			};
			name = Debug;
		};
		A9CA0FD126CABA89007A8A0F /* Release */ = {
			isa = XCBuildConfiguration;
			buildSettings = {
				ASSETCATALOG_COMPILER_APPICON_NAME = AppIcon;
				ASSETCATALOG_COMPILER_GLOBAL_ACCENT_COLOR_NAME = AccentColor;
				CODE_SIGN_STYLE = Automatic;
				DEVELOPMENT_TEAM = TR8VMB4WD9;
				INFOPLIST_FILE = TheStarWars/Info.plist;
				LD_RUNPATH_SEARCH_PATHS = (
					"$(inherited)",
					"@executable_path/Frameworks",
				);
				PRODUCT_BUNDLE_IDENTIFIER = ArtemRopavka.TheStarWars;
				PRODUCT_NAME = "$(TARGET_NAME)";
				SWIFT_VERSION = 5.0;
				TARGETED_DEVICE_FAMILY = "1,2";
			};
			name = Release;
		};
/* End XCBuildConfiguration section */

/* Begin XCConfigurationList section */
		A9CA0FB626CABA88007A8A0F /* Build configuration list for PBXProject "TheStarWars" */ = {
			isa = XCConfigurationList;
			buildConfigurations = (
				A9CA0FCD26CABA89007A8A0F /* Debug */,
				A9CA0FCE26CABA89007A8A0F /* Release */,
			);
			defaultConfigurationIsVisible = 0;
			defaultConfigurationName = Release;
		};
		A9CA0FCF26CABA89007A8A0F /* Build configuration list for PBXNativeTarget "TheStarWars" */ = {
			isa = XCConfigurationList;
			buildConfigurations = (
				A9CA0FD026CABA89007A8A0F /* Debug */,
				A9CA0FD126CABA89007A8A0F /* Release */,
			);
			defaultConfigurationIsVisible = 0;
			defaultConfigurationName = Release;
		};
/* End XCConfigurationList section */
	};
	rootObject = A9CA0FB326CABA88007A8A0F /* Project object */;
}
